{
  "nodes": {
    "agenix": {
      "inputs": {
        "nixpkgs": [
          "nixpkgs"
        ]
      },
      "locked": {
        "lastModified": 1790734419,
        "narHash": "sha256-n7wew722m1OTBT9DOIMxNX/NF4zfsSUABAO5eW3wikE=",
        "owner": "ryantm",
        "repo": "agenix",
        "rev": "3daa710894355fa2fad8243380af373a2b4046ef",
        "type": "github"
      },
      "original": {
        "owner": "ryantm",
        "repo": "agenix",
        "type": "github"
      }
    },
    "catppuccin": {
      "inputs": {
        "nixpkgs": [
          "nixpkgs"
        ]
      },
      "locked": {
        "lastModified": 1789553013,
        "narHash": "sha256-W5dvgFOuVs24X3G5tUb8C2IHU7ICXNvyGPiWWFjfbuo=",
        "owner": "catppuccin",
        "repo": "nix",
        "rev": "89b3eacf59d6b5eefbc2d69c3a4eb5aaf66d63bc",
        "type": "github"
      },
      "original": {
        "owner": "catppuccin",
        "repo": "nix",
        "type": "github"
      }
    },
    "en_RU": {
      "inputs": {
        "home-manager": [
          "home-manager"
        ],
        "nixpkgs": [
          "nixpkgs"
        ]
      },
      "locked": {
        "lastModified": 1785069248,
        "narHash": "sha256-Z0w6WFtjuP6UEsM/DzUJWitm6e0KFGztgcmM2mvnsX4=",
        "owner": "timafrolov",
        "repo": "en_ru",
        "rev": "c2ca2c4512baebd9c93f2bb949c80673c4cd19c1",
        "type": "github"
      },
      "original": {
        "owner": "timafrolov",
        "repo": "en_ru",
        "type": "github"
      }
    },
    "flake-compat": {
      "flake": false,
      "locked": {
        "lastModified": 1767039857,
        "narHash": "sha256-vNpUSpF5Nuw8xvDLj2KCwwksIbjua2LZCqhV1LNRDns=",
        "owner": "edolstra",
        "repo": "flake-compat",
        "rev": "5edf11c44bc78a0d334f6334cdaf7d60d732daab",
        "type": "github"
      },
      "original": {
        "owner": "edolstra",
        "repo": "flake-compat",
        "type": "github"
      }
    },
    "flake-parts": {
      "inputs": {
        "nixpkgs-lib": [
          "nixvim",
          "nixpkgs"
        ]
      },
      "locked": {
        "lastModified": 1788450739,
        "narHash": "sha256-glZLQlzIn1fXH6PazR2iUmTo7kzzyYSshrWhLS9TqCU=",
        "owner": "hercules-ci",
        "repo": "flake-parts",
        "rev": "31729ca8cbdb4fa927b34e5f4353e6a83f39e993",
        "type": "github"
      },
      "original": {
        "owner": "hercules-ci",
        "repo": "flake-parts",
        "type": "github"
      }
    },
    "home-manager": {
      "inputs": {
        "nixpkgs": [
          "nixpkgs"
        ]
      },
      "locked": {
        "lastModified": 1791163078,
        "narHash": "sha256-DiuwfdoZtEqVRsWuAhXcHa+cfvkr0t/xWW8ugkcxNyI=",
        "owner": "nix-community",
        "repo": "home-manager",
        "rev": "f53f3267f5d009dd8f99443505e609389d7ff267",
        "type": "github"
      },
      "original": {
        "owner": "nix-community",
        "repo": "home-manager",
        "type": "github"
      }
    },
    "jail-nix": {
      "locked": {
        "lastModified": 1788928033,
        "narHash": "sha256-UQRytK4SsshV1CeX6aKF+P855Sbcqg9aA731eYTakNg=",
        "owner": "~alexdavid",
        "repo": "jail.nix",
        "rev": "7cd53acef3ad51b9c775be759f5643f8d3bcf6eb",
        "type": "sourcehut"
      },
      "original": {
        "owner": "~alexdavid",
        "repo": "jail.nix",
        "type": "sourcehut"
      }
    },
    "nixpkgs": {
      "locked": {
        "lastModified": 1791048980,
        "narHash": "sha256-KgItSKML8Xvte0B7/uGnBDsYzSnnKHcOaiUbgWBXLXw=",
        "owner": "nixos",
        "repo": "nixpkgs",
        "rev": "a7868a727837f3c09cee2ce0ca671c76b1589fed",
        "type": "github"
      },
      "original": {
        "owner": "nixos",
        "ref": "nixos-unstable",
        "repo": "nixpkgs",
        "type": "github"
      }
    },
    "nixpkgs-patch-hyprland-tzdir": {
      "flake": false,
      "locked": {
        "narHash": "sha256-0Q9zWIBkmirk2NBHWCRitB0VGnZ3IsFV4lqK28FbbnU=",
        "type": "file",
        "url": "https://github.com/NixOS/nixpkgs/pull/571665.diff"
      },
      "original": {
        "type": "file",
        "url": "https://github.com/NixOS/nixpkgs/pull/571665.diff"
      }
    },
    "nixpkgs-patcher": {
      "locked": {
        "lastModified": 1789143781,
        "narHash": "sha256-WFr3wYdhSEJd/nQyJuETd6dcS08Exc+qoZWJ2tHM/gg=",
        "owner": "gepbird",
        "repo": "nixpkgs-patcher",
        "rev": "da7c09e478f552c3a9ebb78b2f68426c1855fd81",
        "type": "github"
      },
      "original": {
        "owner": "gepbird",
        "repo": "nixpkgs-patcher",
        "type": "github"
      }
    },
    "nixvim": {
      "inputs": {
        "flake-parts": "flake-parts",
        "nixpkgs": [
          "nixpkgs"
        ],
        "systems": [
          "systems"
        ]
      },
      "locked": {
        "lastModified": 1790928658,
        "narHash": "sha256-EeMn6SmrBe4gnxaMyb3NZYMXG8FPF9PY0OCcbPDFFNI=",
        "owner": "nix-community",
        "repo": "nixvim",
        "rev": "1cdfef1a6eb583d65b606b04fc97687491479d62",
        "type": "github"
      },
      "original": {
        "owner": "nix-community",
        "repo": "nixvim",
        "type": "github"
      }
    },
    "root": {
      "inputs": {
        "agenix": "agenix",
        "catppuccin": "catppuccin",
        "en_RU": "en_RU",
        "home-manager": "home-manager",
        "jail-nix": "jail-nix",
        "nixpkgs": "nixpkgs",
        "nixpkgs-patch-hyprland-tzdir": "nixpkgs-patch-hyprland-tzdir",
        "nixpkgs-patcher": "nixpkgs-patcher",
        "nixvim": "nixvim",
        "secrets": "secrets",
        "systems": "systems",
        "waybar": "waybar"
      }
    },
    "secrets": {
      "flake": false,
      "locked": {
        "path": "secrets",
        "type": "path"
      },
      "original": {
        "path": "secrets",
        "type": "path"
      },
      "parent": []
    },
    "systems": {
      "locked": {
        "lastModified": 1689347949,
        "narHash": "sha256-12tWmuL2zgBgZkdoB6qXZsgJEH9LR3oUgpaQq2RbI80=",
        "owner": "nix-systems",
        "repo": "default-linux",
        "rev": "31732fcf5e8fea42e59c2488ad31a0e651500f68",
        "type": "github"
      },
      "original": {
        "owner": "nix-systems",
        "repo": "default-linux",
        "type": "github"
      }
    },
    "waybar": {
      "inputs": {
        "flake-compat": "flake-compat",
        "nixpkgs": [
          "nixpkgs"
        ]
      },
      "locked": {
        "lastModified": 1790961154,
        "narHash": "sha256-pe6h9T710ncxz3PbNfzmuWUjZ5kTw2emAvsWg+pqHsk=",
        "owner": "alexays",
        "repo": "waybar",
        "rev": "323e66f51644d0562be54af3c21f368a4d61d321",
        "type": "github"
      },
      "original": {
        "owner": "alexays",
        "repo": "waybar",
        "type": "github"
      }
    }
  },
  "root": "root",
  "version": 7
}
